{
  "name": "use-python-version",
  "version": "0.1.0",
  "lockfileVersion": 1,
  "requires": true,
  "dependencies": {
    "@sinonjs/commons": {
      "version": "3.0.1",
      "resolved": "https://registry.npmjs.org/@sinonjs/commons/-/commons-3.0.1.tgz",
      "integrity": "sha512-K3mCHKQ9sVh8o1C9cxkwxaOmXoAMlDxC1mYyHrjqOWEcBjYr76t96zL2zlj5dUGZ3HSw240X1qgH3Mjf1yJWpQ==",
      "requires": {
        "type-detect": "4.0.8"
      }
    },
    "@sinonjs/fake-timers": {
      "version": "13.0.1",
      "resolved": "https://registry.npmjs.org/@sinonjs/fake-timers/-/fake-timers-13.0.1.tgz",
      "integrity": "sha512-ZEbLYOvZQHccQJzbg2E5r+/Mdjb6BMdjToL4r8WwUw0VTjTnyY3gCnwLeiovcXI3/Uo25exmqmiwsjL/eE/rSg==",
      "requires": {
        "@sinonjs/commons": "^3.0.1"
      }
    },
    "@sinonjs/samsam": {
      "version": "8.0.2",
      "resolved": "https://registry.npmjs.org/@sinonjs/samsam/-/samsam-8.0.2.tgz",
      "integrity": "sha512-v46t/fwnhejRSFTGqbpn9u+LQ9xJDse10gNnPgAcxgdoCDMXj/G2asWAC/8Qs+BAZDicX+MNZouXT1A7c83kVw==",
      "requires": {
        "@sinonjs/commons": "^3.0.1",
        "lodash.get": "^4.4.2",
        "type-detect": "^4.1.0"
      },
      "dependencies": {
        "type-detect": {
          "version": "4.1.0",
          "resolved": "https://registry.npmjs.org/type-detect/-/type-detect-4.1.0.tgz",
          "integrity": "sha512-Acylog8/luQ8L7il+geoSxhEkazvkslg7PSNKOX59mbB9cOveP5aq9h74Y7YU8yDpJwetzQQrfIwtf4Wp4LKcw=="
        }
      }
    },
    "@sinonjs/text-encoding": {
      "version": "0.7.3",
      "resolved": "https://registry.npmjs.org/@sinonjs/text-encoding/-/text-encoding-0.7.3.tgz",
      "integrity": "sha512-DE427ROAphMQzU4ENbliGYrBSYPXF+TtLg9S8vzeA+OF4ZKzoDdzfL8sxuMUGS/lgRhM6j1URSk9ghf7Xo1tyA=="
    },
    "@types/mockery": {
      "version": "1.4.29",
      "resolved": "https://registry.npmjs.org/@types/mockery/-/mockery-1.4.29.tgz",
      "integrity": "sha1-m6It838H43gP/4Ux0aOOYz+UV6U="
    },
    "@types/sinon": {
      "version": "4.3.3",
      "resolved": "https://registry.npmjs.org/@types/sinon/-/sinon-4.3.3.tgz",
      "integrity": "sha512-Tt7w/ylBS/OEAlSCwzB0Db1KbxnkycP/1UkQpbvKFYoUuRn4uYsC3xh5TRPrOjTy0i8TIkSz1JdNL4GPVdf3KQ=="
    },
    "diff": {
      "version": "7.0.0",
      "resolved": "https://registry.npmjs.org/diff/-/diff-7.0.0.tgz",
      "integrity": "sha512-PJWHUb1RFevKCwaFA9RlG5tCd+FO5iRh9A8HEtkmBH2Li03iJriB6m6JIN4rGz3K3JLawI7/veA1xzRKP6ISBw=="
    },
    "has-flag": {
      "version": "4.0.0",
      "resolved": "https://registry.npmjs.org/has-flag/-/has-flag-4.0.0.tgz",
      "integrity": "sha512-EykJT/Q1KjTWctppgIAgfSO0tKVuZUjhgMr17kqTumMl6Afv3EISleU7qZUzoXDFTAHTDC4NOoG/ZxU3EvlMPQ=="
    },
    "just-extend": {
      "version": "6.2.0",
      "resolved": "https://registry.npmjs.org/just-extend/-/just-extend-6.2.0.tgz",
      "integrity": "sha512-cYofQu2Xpom82S6qD778jBDpwvvy39s1l/hrYij2u9AMdQcGRpaBu6kY4mVhuno5kJVi1DAz4aiphA2WI1/OAw=="
    },
    "lodash.get": {
      "version": "4.4.2",
      "resolved": "https://registry.npmjs.org/lodash.get/-/lodash.get-4.4.2.tgz",
      "integrity": "sha512-z+Uw/vLuy6gQe8cfaFWD7p0wVv8fJl3mbzXh33RS+0oW2wvUqiRXiQ69gLWSLpgB5/6sU+r6BlQR0MBILadqTQ=="
    },
    "mockery": {
      "version": "2.1.0",
      "resolved": "https://registry.npmjs.org/mockery/-/mockery-2.1.0.tgz",
      "integrity": "sha512-9VkOmxKlWXoDO/h1jDZaS4lH33aWfRiJiNT/tKj+8OGzrcFDLo8d0syGdbsc3Bc4GvRXPb+NMMvojotmuGJTvA=="
    },
    "nise": {
      "version": "6.1.0",
      "resolved": "https://registry.npmjs.org/nise/-/nise-6.1.0.tgz",
      "integrity": "sha512-CmZZZxyoEFoA/GkIyd1EjzRw4WWOpsaIpJ9xSS4Ymi8UEXA81Ml9uk8VVi4nisuRKyqM6rHHXZSDkrtuL+K4uA==",
      "requires": {
        "@sinonjs/commons": "^3.0.1",
        "@sinonjs/fake-timers": "^13.0.1",
        "@sinonjs/text-encoding": "^0.7.3",
        "just-extend": "^6.2.0",
        "path-to-regexp": "^8.1.0"
      }
    },
    "path-to-regexp": {
      "version": "8.1.0",
      "resolved": "https://registry.npmjs.org/path-to-regexp/-/path-to-regexp-8.1.0.tgz",
      "integrity": "sha512-Bqn3vc8CMHty6zuD+tG23s6v2kwxslHEhTj4eYaVKGIEB+YX/2wd0/rgXLFD9G9id9KCtbVy/3ZgmvZjpa0UdQ=="
    },
    "sinon": {
      "version": "19.0.0",
      "resolved": "https://registry.npmjs.org/sinon/-/sinon-19.0.0.tgz",
      "integrity": "sha512-YwPCB6NgZDam4hsEWe0mzTNbtKWFUtnpMSSQR+CmhWtVCkMqynwl9d7AjmfE7pPlGCXkHSi80mPHy70RTsAijg==",
      "requires": {
        "@sinonjs/commons": "^3.0.1",
        "@sinonjs/fake-timers": "13.0.1",
        "@sinonjs/samsam": "^8.0.1",
        "diff": "^7.0.0",
        "nise": "^6.1.0",
        "supports-color": "^7.2.0"
      }
    },
    "supports-color": {
      "version": "7.2.0",
      "resolved": "https://registry.npmjs.org/supports-color/-/supports-color-7.2.0.tgz",
      "integrity": "sha512-qpCAvRl9stuOHveKsn7HncJRvv501qIacKzQlO/+Lwxc9+0q2wLyv4Dfvt80/DPn2pqOBsJdDiogXGR9+OvwRw==",
      "requires": {
        "has-flag": "^4.0.0"
      }
    },
    "type-detect": {
      "version": "4.0.8",
      "resolved": "https://registry.npmjs.org/type-detect/-/type-detect-4.0.8.tgz",
      "integrity": "sha512-0fr/mIH1dlO+x7TlcMy+bIDqKPsw/70tVyeHW787goQjhmqaZe10uwLujubK9q9Lg6Fiho1KUKDYz0Z7k7g5/g=="
    },
    "typescript": {
      "version": "4.0.2",
      "resolved": "https://registry.npmjs.org/typescript/-/typescript-4.0.2.tgz",
      "integrity": "sha512-e4ERvRV2wb+rRZ/IQeb3jm2VxBsirQLpQhdxplZ2MEzGvDkkMmPglecnNDfSUBivMjP93vRbngYYDQqQ/78bcQ==",
      "dev": true
    }
  }
}
